
Microsoft Visual Studio Solution File, Format Version 12.00
# Visual Studio 15
VisualStudioVersion = 15.0.26124.0
MinimumVisualStudioVersion = 15.0.26124.0
Project("{2150E333-8FDC-42A3-9474-1A3956D46DE8}") = "src", "src", "{C97897C9-8D64-43CA-8E71-C1A2605C9E20}"
EndProject
Project("{FAE04EC0-301F-11D3-BF4B-00C04F79EFBC}") = "Haydar", "src\Haydar\Haydar.csproj", "{6F1EE3B9-8F61-4261-8D55-192B03E3A8F9}"
EndProject
Project("{2150E333-8FDC-42A3-9474-1A3956D46DE8}") = "tests", "tests", "{5B7F6B78-9774-483E-A396-89EF67B86840}"
EndProject
Project("{FAE04EC0-301F-11D3-BF4B-00C04F79EFBC}") = "Haydar.Tests", "tests\Haydar.Tests\Haydar.Tests.csproj", "{F2916145-2FAD-40D8-A050-E3403E613C18}"
EndProject
Project("{2150E333-8FDC-42A3-9474-1A3956D46DE8}") = "data", "data", "{378CFA03-A0DF-43CC-8C20-4AA02387E0D2}"
EndProject
Project("{FAE04EC0-301F-11D3-BF4B-00C04F79EFBC}") = "Haydar.Db", "data\Haydar.Db\Haydar.Db.csproj", "{8246D79B-567E-4322-B986-7CB83455419D}"
EndProject
Global
	GlobalSection(SolutionConfigurationPlatforms) = preSolution
		Debug|Any CPU = Debug|Any CPU
		Debug|x64 = Debug|x64
		Debug|x86 = Debug|x86
		Release|Any CPU = Release|Any CPU
		Release|x64 = Release|x64
		Release|x86 = Release|x86
	EndGlobalSection
	GlobalSection(SolutionProperties) = preSolution
		HideSolutionNode = FALSE
	EndGlobalSection
	GlobalSection(ProjectConfigurationPlatforms) = postSolution
		{6F1EE3B9-8F61-4261-8D55-192B03E3A8F9}.Debug|Any CPU.ActiveCfg = Debug|Any CPU
		{6F1EE3B9-8F61-4261-8D55-192B03E3A8F9}.Debug|Any CPU.Build.0 = Debug|Any CPU
		{6F1EE3B9-8F61-4261-8D55-192B03E3A8F9}.Debug|x64.ActiveCfg = Debug|Any CPU
		{6F1EE3B9-8F61-4261-8D55-192B03E3A8F9}.Debug|x64.Build.0 = Debug|Any CPU
		{6F1EE3B9-8F61-4261-8D55-192B03E3A8F9}.Debug|x86.ActiveCfg = Debug|Any CPU
		{6F1EE3B9-8F61-4261-8D55-192B03E3A8F9}.Debug|x86.Build.0 = Debug|Any CPU
		{6F1EE3B9-8F61-4261-8D55-192B03E3A8F9}.Release|Any CPU.ActiveCfg = Release|Any CPU
		{6F1EE3B9-8F61-4261-8D55-192B03E3A8F9}.Release|Any CPU.Build.0 = Release|Any CPU
		{6F1EE3B9-8F61-4261-8D55-192B03E3A8F9}.Release|x64.ActiveCfg = Release|Any CPU
		{6F1EE3B9-8F61-4261-8D55-192B03E3A8F9}.Release|x64.Build.0 = Release|Any CPU
		{6F1EE3B9-8F61-4261-8D55-192B03E3A8F9}.Release|x86.ActiveCfg = Release|Any CPU
		{6F1EE3B9-8F61-4261-8D55-192B03E3A8F9}.Release|x86.Build.0 = Release|Any CPU
		{F2916145-2FAD-40D8-A050-E3403E613C18}.Debug|Any CPU.ActiveCfg = Debug|Any CPU
		{F2916145-2FAD-40D8-A050-E3403E613C18}.Debug|Any CPU.Build.0 = Debug|Any CPU
		{F2916145-2FAD-40D8-A050-E3403E613C18}.Debug|x64.ActiveCfg = Debug|Any CPU
		{F2916145-2FAD-40D8-A050-E3403E613C18}.Debug|x64.Build.0 = Debug|Any CPU
		{F2916145-2FAD-40D8-A050-E3403E613C18}.Debug|x86.ActiveCfg = Debug|Any CPU
		{F2916145-2FAD-40D8-A050-E3403E613C18}.Debug|x86.Build.0 = Debug|Any CPU
		{F2916145-2FAD-40D8-A050-E3403E613C18}.Release|Any CPU.ActiveCfg = Release|Any CPU
		{F2916145-2FAD-40D8-A050-E3403E613C18}.Release|Any CPU.Build.0 = Release|Any CPU
		{F2916145-2FAD-40D8-A050-E3403E613C18}.Release|x64.ActiveCfg = Release|Any CPU
		{F2916145-2FAD-40D8-A050-E3403E613C18}.Release|x64.Build.0 = Release|Any CPU
		{F2916145-2FAD-40D8-A050-E3403E613C18}.Release|x86.ActiveCfg = Release|Any CPU
		{F2916145-2FAD-40D8-A050-E3403E613C18}.Release|x86.Build.0 = Release|Any CPU
		{8246D79B-567E-4322-B986-7CB83455419D}.Debug|Any CPU.ActiveCfg = Debug|Any CPU
		{8246D79B-567E-4322-B986-7CB83455419D}.Debug|Any CPU.Build.0 = Debug|Any CPU
		{8246D79B-567E-4322-B986-7CB83455419D}.Debug|x64.ActiveCfg = Debug|Any CPU
		{8246D79B-567E-4322-B986-7CB83455419D}.Debug|x64.Build.0 = Debug|Any CPU
		{8246D79B-567E-4322-B986-7CB83455419D}.Debug|x86.ActiveCfg = Debug|Any CPU
		{8246D79B-567E-4322-B986-7CB83455419D}.Debug|x86.Build.0 = Debug|Any CPU
		{8246D79B-567E-4322-B986-7CB83455419D}.Release|Any CPU.ActiveCfg = Release|Any CPU
		{8246D79B-567E-4322-B986-7CB83455419D}.Release|Any CPU.Build.0 = Release|Any CPU
		{8246D79B-567E-4322-B986-7CB83455419D}.Release|x64.ActiveCfg = Release|Any CPU
		{8246D79B-567E-4322-B986-7CB83455419D}.Release|x64.Build.0 = Release|Any CPU
		{8246D79B-567E-4322-B986-7CB83455419D}.Release|x86.ActiveCfg = Release|Any CPU
		{8246D79B-567E-4322-B986-7CB83455419D}.Release|x86.Build.0 = Release|Any CPU
	EndGlobalSection
	GlobalSection(NestedProjects) = preSolution
		{6F1EE3B9-8F61-4261-8D55-192B03E3A8F9} = {C97897C9-8D64-43CA-8E71-C1A2605C9E20}
		{F2916145-2FAD-40D8-A050-E3403E613C18} = {5B7F6B78-9774-483E-A396-89EF67B86840}
		{8246D79B-567E-4322-B986-7CB83455419D} = {378CFA03-A0DF-43CC-8C20-4AA02387E0D2}
	EndGlobalSection
EndGlobal
